
Microsoft Visual Studio Solution File, Format Version 12.00
# Visual Studio 15
VisualStudioVersion = 15.0.28307.572
MinimumVisualStudioVersion = 10.0.40219.1
Project("{FAE04EC0-301F-11D3-BF4B-00C04F79EFBC}") = "GitBashTest", "GitBashTest\GitBashTest.csproj", "{041EAE19-4315-4418-8213-BA4BAB6D5E69}"
EndProject
Global
	GlobalSection(SolutionConfigurationPlatforms) = preSolution
		Debug|Any CPU = Debug|Any CPU
		Release|Any CPU = Release|Any CPU
	EndGlobalSection
	GlobalSection(ProjectConfigurationPlatforms) = postSolution
		{041EAE19-4315-4418-8213-BA4BAB6D5E69}.Debug|Any CPU.ActiveCfg = Debug|Any CPU
		{041EAE19-4315-4418-8213-BA4BAB6D5E69}.Debug|Any CPU.Build.0 = Debug|Any CPU
		{041EAE19-4315-4418-8213-BA4BAB6D5E69}.Release|Any CPU.ActiveCfg = Release|Any CPU
		{041EAE19-4315-4418-8213-BA4BAB6D5E69}.Release|Any CPU.Build.0 = Release|Any CPU
	EndGlobalSection
	GlobalSection(SolutionProperties) = preSolution
		HideSolutionNode = FALSE
	EndGlobalSection
	GlobalSection(ExtensibilityGlobals) = postSolution
		SolutionGuid = {B8F1A93C-8014-4593-96A6-69FAD5BCF338}
	EndGlobalSection
EndGlobal
